
Microsoft Visual Studio Solution File, Format Version 12.00
# Visual Studio Version 17
VisualStudioVersion = 17.9.34622.214
MinimumVisualStudioVersion = 10.0.40219.1
Project("{FAE04EC0-301F-11D3-BF4B-00C04F79EFBC}") = "CQRSAndMediatR", "CQRSAndMediatR.csproj", "{19B98A10-E5AD-4C3C-967C-A7036F52886F}"
EndProject
Global
	GlobalSection(SolutionConfigurationPlatforms) = preSolution
		Debug|Any CPU = Debug|Any CPU
		Release|Any CPU = Release|Any CPU
	EndGlobalSection
	GlobalSection(ProjectConfigurationPlatforms) = postSolution
		{19B98A10-E5AD-4C3C-967C-A7036F52886F}.Debug|Any CPU.ActiveCfg = Debug|Any CPU
		{19B98A10-E5AD-4C3C-967C-A7036F52886F}.Debug|Any CPU.Build.0 = Debug|Any CPU
		{19B98A10-E5AD-4C3C-967C-A7036F52886F}.Release|Any CPU.ActiveCfg = Release|Any CPU
		{19B98A10-E5AD-4C3C-967C-A7036F52886F}.Release|Any CPU.Build.0 = Release|Any CPU
	EndGlobalSection
	GlobalSection(SolutionProperties) = preSolution
		HideSolutionNode = FALSE
	EndGlobalSection
	GlobalSection(ExtensibilityGlobals) = postSolution
		SolutionGuid = {B5ACD30A-C693-4761-9BC6-27DF64522210}
	EndGlobalSection
EndGlobal
